
Microsoft Visual Studio Solution File, Format Version 12.00
# Visual Studio 15
VisualStudioVersion = 15.0.26228.9
MinimumVisualStudioVersion = 10.0.40219.1
Project("{FAE04EC0-301F-11D3-BF4B-00C04F79EFBC}") = "AdventureWorks.Web", "AdventureWorks.Web\AdventureWorks.Web.csproj", "{369AC954-9E08-4950-B0D3-6DEE49715EF1}"
EndProject
Project("{FAE04EC0-301F-11D3-BF4B-00C04F79EFBC}") = "AdventureWorks.Data", "AdventureWorks.Data\AdventureWorks.Data.csproj", "{DF4AC1D0-DC5D-4674-86EA-D22E7B030E7E}"
EndProject
Global
	GlobalSection(SolutionConfigurationPlatforms) = preSolution
		Debug|Any CPU = Debug|Any CPU
		Debug|x64 = Debug|x64
		Debug|x86 = Debug|x86
		Release|Any CPU = Release|Any CPU
		Release|x64 = Release|x64
		Release|x86 = Release|x86
	EndGlobalSection
	GlobalSection(ProjectConfigurationPlatforms) = postSolution
		{369AC954-9E08-4950-B0D3-6DEE49715EF1}.Debug|Any CPU.ActiveCfg = Debug|Any CPU
		{369AC954-9E08-4950-B0D3-6DEE49715EF1}.Debug|Any CPU.Build.0 = Debug|Any CPU
		{369AC954-9E08-4950-B0D3-6DEE49715EF1}.Debug|x64.ActiveCfg = Debug|Any CPU
		{369AC954-9E08-4950-B0D3-6DEE49715EF1}.Debug|x64.Build.0 = Debug|Any CPU
		{369AC954-9E08-4950-B0D3-6DEE49715EF1}.Debug|x86.ActiveCfg = Debug|Any CPU
		{369AC954-9E08-4950-B0D3-6DEE49715EF1}.Debug|x86.Build.0 = Debug|Any CPU
		{369AC954-9E08-4950-B0D3-6DEE49715EF1}.Release|Any CPU.ActiveCfg = Release|Any CPU
		{369AC954-9E08-4950-B0D3-6DEE49715EF1}.Release|Any CPU.Build.0 = Release|Any CPU
		{369AC954-9E08-4950-B0D3-6DEE49715EF1}.Release|x64.ActiveCfg = Release|Any CPU
		{369AC954-9E08-4950-B0D3-6DEE49715EF1}.Release|x64.Build.0 = Release|Any CPU
		{369AC954-9E08-4950-B0D3-6DEE49715EF1}.Release|x86.ActiveCfg = Release|Any CPU
		{369AC954-9E08-4950-B0D3-6DEE49715EF1}.Release|x86.Build.0 = Release|Any CPU
		{DF4AC1D0-DC5D-4674-86EA-D22E7B030E7E}.Debug|Any CPU.ActiveCfg = Debug|Any CPU
		{DF4AC1D0-DC5D-4674-86EA-D22E7B030E7E}.Debug|Any CPU.Build.0 = Debug|Any CPU
		{DF4AC1D0-DC5D-4674-86EA-D22E7B030E7E}.Debug|x64.ActiveCfg = Debug|Any CPU
		{DF4AC1D0-DC5D-4674-86EA-D22E7B030E7E}.Debug|x64.Build.0 = Debug|Any CPU
		{DF4AC1D0-DC5D-4674-86EA-D22E7B030E7E}.Debug|x86.ActiveCfg = Debug|Any CPU
		{DF4AC1D0-DC5D-4674-86EA-D22E7B030E7E}.Debug|x86.Build.0 = Debug|Any CPU
		{DF4AC1D0-DC5D-4674-86EA-D22E7B030E7E}.Release|Any CPU.ActiveCfg = Release|Any CPU
		{DF4AC1D0-DC5D-4674-86EA-D22E7B030E7E}.Release|Any CPU.Build.0 = Release|Any CPU
		{DF4AC1D0-DC5D-4674-86EA-D22E7B030E7E}.Release|x64.ActiveCfg = Release|Any CPU
		{DF4AC1D0-DC5D-4674-86EA-D22E7B030E7E}.Release|x64.Build.0 = Release|Any CPU
		{DF4AC1D0-DC5D-4674-86EA-D22E7B030E7E}.Release|x86.ActiveCfg = Release|Any CPU
		{DF4AC1D0-DC5D-4674-86EA-D22E7B030E7E}.Release|x86.Build.0 = Release|Any CPU
	EndGlobalSection
	GlobalSection(SolutionProperties) = preSolution
		HideSolutionNode = FALSE
	EndGlobalSection
EndGlobal
